{
  "nodes": {
    "nixpkgs": {
      "locked": {
        "lastModified": 1782535326,
        "narHash": "sha256-ZeRxu4yn6shd3SNF5ZUQb4r7BaVo1zBKMjRhfoNSBmw=",
        "owner": "NixOS",
        "repo": "nixpkgs",
        "rev": "714a5f8c4ead6b31148d829288440ed033ccc041",
        "type": "github"
      },
      "original": {
        "owner": "NixOS",
        "ref": "nixos-26.05",
        "repo": "nixpkgs",
        "type": "github"
      }
    },
    "nixpkgs_2": {
      "locked": {
        "lastModified": 1776548001,
        "narHash": "sha256-ZSK0NL4a1BwVbbTBoSnWgbJy9HeZFXLYQizjb2DPF24=",
        "owner": "nixos",
        "repo": "nixpkgs",
        "rev": "b12141ef619e0a9c1c84dc8c684040326f27cdcc",
        "type": "github"
      },
      "original": {
        "owner": "nixos",
        "ref": "nixos-unstable",
        "repo": "nixpkgs",
        "type": "github"
      }
    },
    "root": {
      "inputs": {
        "nixpkgs": "nixpkgs",
        "rudder-tools": "rudder-tools"
      }
    },
    "rudder-tools": {
      "inputs": {
        "nixpkgs": "nixpkgs_2"
      },
      "locked": {
        "lastModified": 1781795952,
        "narHash": "sha256-kE9002kJsRx6e5dqAl1pjAd+PU3hcN2dDoLg20eAZgU=",
        "owner": "Normation",
        "repo": "rudder-tools",
        "rev": "a0a79d3e87437574bc3ea9948c9b0c56c00800e8",
        "type": "github"
      },
      "original": {
        "owner": "Normation",
        "repo": "rudder-tools",
        "type": "github"
      }
    }
  },
  "root": "root",
  "version": 7
}
