{
  "name": "api-doc",
  "lockfileVersion": 3,
  "requires": true,
  "packages": {
    "": {
      "dependencies": {
        "@redocly/cli": "^2.46.1"
      }
    },
    "node_modules/@redocly/cli": {
      "version": "2.46.1",
      "resolved": "https://registry.npmjs.org/@redocly/cli/-/cli-2.46.1.tgz",
      "integrity": "sha512-FSUSq2FU8VN7DmTobTmq7zb3zPnDkRKSMd3n38D62JFJUUZKnLMQtn7BUhsD2dCFH2WgF05I3fbN7QHDQyCBeA==",
      "license": "MIT",
      "bin": {
        "openapi": "bin/cli.js",
        "redocly": "bin/cli.js"
      },
      "engines": {
        "node": ">=22.12.0 || >=20.19.0 <21.0.0",
        "npm": ">=10"
      }
    }
  }
}
