
# cargo-vet imports lock

[[publisher.aho-corasick]]
version = "1.0.2"
when = "2023-06-04"
user-id = 189
user-login = "BurntSushi"
user-name = "Andrew Gallant"

[[publisher.anstream]]
version = "0.3.2"
when = "2023-05-01"
user-id = 6743
user-login = "epage"
user-name = "Ed Page"

[[publisher.anstyle]]
version = "1.0.1"
when = "2023-06-20"
user-id = 6743
user-login = "epage"
user-name = "Ed Page"

[[publisher.anstyle-parse]]
version = "0.2.1"
when = "2023-06-20"
user-id = 6743
user-login = "epage"
user-name = "Ed Page"

[[publisher.anstyle-query]]
version = "1.0.0"
when = "2023-04-13"
user-id = 6743
user-login = "epage"
user-name = "Ed Page"

[[publisher.anstyle-wincon]]
version = "1.0.1"
when = "2023-04-24"
user-id = 6743
user-login = "epage"
user-name = "Ed Page"

[[publisher.assert_cmd]]
version = "2.0.11"
when = "2023-04-13"
user-id = 6743
user-login = "epage"
user-name = "Ed Page"

[[publisher.basic-toml]]
version = "0.1.2"
when = "2023-03-05"
user-id = 3618
user-login = "dtolnay"
user-name = "David Tolnay"

[[publisher.bstr]]
version = "1.5.0"
when = "2023-05-21"
user-id = 189
user-login = "BurntSushi"
user-name = "Andrew Gallant"

[[publisher.bumpalo]]
version = "3.13.0"
when = "2023-05-22"
user-id = 696
user-login = "fitzgen"
user-name = "Nick Fitzgerald"

[[publisher.chrono]]
version = "0.4.26"
when = "2023-05-30"
user-id = 4556
user-login = "djc"
user-name = "Dirkjan Ochtman"

[[publisher.clap]]
version = "4.3.8"
when = "2023-06-23"
user-id = 6743
user-login = "epage"
user-name = "Ed Page"

[[publisher.clap_builder]]
version = "4.3.8"
when = "2023-06-23"
user-id = 6743
user-login = "epage"
user-name = "Ed Page"

[[publisher.clap_complete]]
version = "4.3.1"
when = "2023-06-02"
user-id = 6743
user-login = "epage"
user-name = "Ed Page"

[[publisher.clap_derive]]
version = "4.3.2"
when = "2023-06-05"
user-id = 6743
user-login = "epage"
user-name = "Ed Page"

[[publisher.clap_lex]]
version = "0.5.0"
when = "2023-05-19"
user-id = 6743
user-login = "epage"
user-name = "Ed Page"

[[publisher.core-foundation-sys]]
version = "0.8.4"
when = "2023-04-03"
user-id = 5946
user-login = "jrmuizel"
user-name = "Jeff Muizelaar"

[[publisher.env_logger]]
version = "0.10.0"
when = "2022-11-24"
user-id = 6743
user-login = "epage"
user-name = "Ed Page"

[[publisher.equivalent]]
version = "1.0.0"
when = "2023-06-06"
user-id = 539
user-login = "cuviper"
user-name = "Josh Stone"

[[publisher.form_urlencoded]]
version = "1.2.0"
when = "2023-06-05"
user-id = 72883
user-login = "valenting"
user-name = "Valentin Gosu"

[[publisher.hashbrown]]
version = "0.14.0"
when = "2023-06-05"
user-id = 2915
user-login = "Amanieu"
user-name = "Amanieu d'Antras"

[[publisher.indexmap]]
version = "1.9.3"
when = "2023-03-24"
user-id = 539
user-login = "cuviper"
user-name = "Josh Stone"

[[publisher.indexmap]]
version = "2.0.0"
when = "2023-06-23"
user-id = 539
user-login = "cuviper"
user-name = "Josh Stone"

[[publisher.itoa]]
version = "1.0.6"
when = "2023-03-03"
user-id = 3618
user-login = "dtolnay"
user-name = "David Tolnay"

[[publisher.js-sys]]
version = "0.3.64"
when = "2023-06-12"
user-id = 1
user-login = "alexcrichton"
user-name = "Alex Crichton"

[[publisher.libc]]
version = "0.2.147"
when = "2023-06-25"
user-id = 51017
user-login = "JohnTitor"
user-name = "Yuki Okushi"

[[publisher.libm]]
version = "0.2.7"
when = "2023-05-15"
user-id = 2915
user-login = "Amanieu"
user-name = "Amanieu d'Antras"

[[publisher.lock_api]]
version = "0.4.10"
when = "2023-06-05"
user-id = 2915
user-login = "Amanieu"
user-name = "Amanieu d'Antras"

[[publisher.log]]
version = "0.4.19"
when = "2023-06-11"
user-id = 3204
user-login = "KodrAus"
user-name = "Ashley Mannix"

[[publisher.memchr]]
version = "2.5.0"
when = "2022-04-30"
user-id = 189
user-login = "BurntSushi"
user-name = "Andrew Gallant"

[[publisher.minijinja]]
version = "0.34.0"
when = "2023-06-01"
user-id = 39
user-login = "mitsuhiko"
user-name = "Armin Ronacher"

[[publisher.parking_lot]]
version = "0.12.1"
when = "2022-05-31"
user-id = 2915
user-login = "Amanieu"
user-name = "Amanieu d'Antras"

[[publisher.parking_lot_core]]
version = "0.9.8"
when = "2023-06-05"
user-id = 2915
user-login = "Amanieu"
user-name = "Amanieu d'Antras"

[[publisher.percent-encoding]]
version = "2.3.0"
when = "2023-06-05"
user-id = 72883
user-login = "valenting"
user-name = "Valentin Gosu"

[[publisher.pest]]
version = "2.7.0"
when = "2023-06-22"
user-id = 95892
user-login = "tomtau"
user-name = "Tomas Tauber"

[[publisher.pest_derive]]
version = "2.7.0"
when = "2023-06-22"
user-id = 95892
user-login = "tomtau"
user-name = "Tomas Tauber"

[[publisher.pest_generator]]
version = "2.7.0"
when = "2023-06-22"
user-id = 95892
user-login = "tomtau"
user-name = "Tomas Tauber"

[[publisher.pest_meta]]
version = "2.7.0"
when = "2023-06-22"
user-id = 95892
user-login = "tomtau"
user-name = "Tomas Tauber"

[[publisher.phf]]
version = "0.10.1"
when = "2021-12-13"
user-id = 51017
user-login = "JohnTitor"
user-name = "Yuki Okushi"

[[publisher.phf_codegen]]
version = "0.10.0"
when = "2021-08-10"
user-id = 51017
user-login = "JohnTitor"
user-name = "Yuki Okushi"

[[publisher.phf_generator]]
version = "0.10.0"
when = "2021-08-10"
user-id = 51017
user-login = "JohnTitor"
user-name = "Yuki Okushi"

[[publisher.phf_shared]]
version = "0.10.0"
when = "2021-08-10"
user-id = 51017
user-login = "JohnTitor"
user-name = "Yuki Okushi"

[[publisher.pin-project-lite]]
version = "0.2.10"
when = "2023-07-02"
user-id = 33035
user-login = "taiki-e"
user-name = "Taiki Endo"

[[publisher.predicates]]
version = "3.0.3"
when = "2023-04-13"
user-id = 6743
user-login = "epage"
user-name = "Ed Page"

[[publisher.predicates-core]]
version = "1.0.6"
when = "2023-03-15"
user-id = 6743
user-login = "epage"
user-name = "Ed Page"

[[publisher.predicates-tree]]
version = "1.0.9"
when = "2023-03-15"
user-id = 6743
user-login = "epage"
user-name = "Ed Page"

[[publisher.proc-macro2]]
version = "0.4.30"
when = "2019-05-08"
user-id = 3618
user-login = "dtolnay"
user-name = "David Tolnay"

[[publisher.proc-macro2]]
version = "1.0.63"
when = "2023-06-25"
user-id = 3618
user-login = "dtolnay"
user-name = "David Tolnay"

[[publisher.quick-xml]]
version = "0.29.0"
when = "2023-06-12"
user-id = 2927
user-login = "Mingun"

[[publisher.quote]]
version = "0.6.13"
when = "2019-07-11"
user-id = 3618
user-login = "dtolnay"
user-name = "David Tolnay"

[[publisher.regex]]
version = "1.9.1"
when = "2023-07-07"
user-id = 189
user-login = "BurntSushi"
user-name = "Andrew Gallant"

[[publisher.regex-automata]]
version = "0.1.10"
when = "2021-06-01"
user-id = 189
user-login = "BurntSushi"
user-name = "Andrew Gallant"

[[publisher.regex-automata]]
version = "0.3.3"
when = "2023-07-12"
user-id = 189
user-login = "BurntSushi"
user-name = "Andrew Gallant"

[[publisher.regex-syntax]]
version = "0.6.29"
when = "2023-03-21"
user-id = 189
user-login = "BurntSushi"
user-name = "Andrew Gallant"

[[publisher.regex-syntax]]
version = "0.7.4"
when = "2023-07-11"
user-id = 189
user-login = "BurntSushi"
user-name = "Andrew Gallant"

[[publisher.rustix]]
version = "0.37.20"
when = "2023-06-11"
user-id = 6825
user-login = "sunfishcode"
user-name = "Dan Gohman"

[[publisher.ryu]]
version = "1.0.13"
when = "2023-03-03"
user-id = 3618
user-login = "dtolnay"
user-name = "David Tolnay"

[[publisher.same-file]]
version = "1.0.6"
when = "2020-01-11"
user-id = 189
user-login = "BurntSushi"
user-name = "Andrew Gallant"

[[publisher.scopeguard]]
version = "1.1.0"
when = "2020-02-16"
user-id = 2915
user-login = "Amanieu"
user-name = "Amanieu d'Antras"

[[publisher.serde]]
version = "1.0.164"
when = "2023-06-08"
user-id = 3618
user-login = "dtolnay"
user-name = "David Tolnay"

[[publisher.serde_derive]]
version = "1.0.164"
when = "2023-06-08"
user-id = 3618
user-login = "dtolnay"
user-name = "David Tolnay"

[[publisher.serde_json]]
version = "1.0.99"
when = "2023-06-24"
user-id = 3618
user-login = "dtolnay"
user-name = "David Tolnay"

[[publisher.serde_yaml]]
version = "0.9.22"
when = "2023-06-24"
user-id = 3618
user-login = "dtolnay"
user-name = "David Tolnay"

[[publisher.sha2]]
version = "0.10.7"
when = "2023-06-15"
user-id = 5059
user-login = "newpavlov"
user-name = "Artyom Pavlov"

[[publisher.sharded-slab]]
version = "0.1.4"
when = "2021-10-12"
user-id = 1249
user-login = "hawkw"
user-name = "Eliza Weisman"

[[publisher.syn]]
version = "0.15.44"
when = "2019-08-10"
user-id = 3618
user-login = "dtolnay"
user-name = "David Tolnay"

[[publisher.syn]]
version = "1.0.109"
when = "2023-02-24"
user-id = 3618
user-login = "dtolnay"
user-name = "David Tolnay"

[[publisher.syn]]
version = "2.0.22"
when = "2023-06-24"
user-id = 3618
user-login = "dtolnay"
user-name = "David Tolnay"

[[publisher.termcolor]]
version = "1.2.0"
when = "2023-01-15"
user-id = 189
user-login = "BurntSushi"
user-name = "Andrew Gallant"

[[publisher.termtree]]
version = "0.4.1"
when = "2023-03-15"
user-id = 6743
user-login = "epage"
user-name = "Ed Page"

[[publisher.thread_local]]
version = "1.1.7"
when = "2023-02-12"
user-id = 2915
user-login = "Amanieu"
user-name = "Amanieu d'Antras"

[[publisher.toml]]
version = "0.5.7"
when = "2020-10-11"
user-id = 1
user-login = "alexcrichton"
user-name = "Alex Crichton"

[[publisher.tracing]]
version = "0.1.37"
when = "2022-10-06"
user-id = 1249
user-login = "hawkw"
user-name = "Eliza Weisman"

[[publisher.tracing-attributes]]
version = "0.1.26"
when = "2023-06-22"
user-id = 1249
user-login = "hawkw"
user-name = "Eliza Weisman"

[[publisher.tracing-core]]
version = "0.1.31"
when = "2023-05-11"
user-id = 1249
user-login = "hawkw"
user-name = "Eliza Weisman"

[[publisher.tracing-log]]
version = "0.1.3"
when = "2022-04-21"
user-id = 1249
user-login = "hawkw"
user-name = "Eliza Weisman"

[[publisher.tracing-serde]]
version = "0.1.3"
when = "2022-02-04"
user-id = 1249
user-login = "hawkw"
user-name = "Eliza Weisman"

[[publisher.tracing-subscriber]]
version = "0.3.17"
when = "2023-04-22"
user-id = 1249
user-login = "hawkw"
user-name = "Eliza Weisman"

[[publisher.ucd-trie]]
version = "0.1.5"
when = "2022-09-03"
user-id = 189
user-login = "BurntSushi"
user-name = "Andrew Gallant"

[[publisher.unicode-normalization]]
version = "0.1.22"
when = "2022-09-16"
user-id = 1139
user-login = "Manishearth"
user-name = "Manish Goregaokar"

[[publisher.unsafe-libyaml]]
version = "0.2.8"
when = "2023-04-06"
user-id = 3618
user-login = "dtolnay"
user-name = "David Tolnay"

[[publisher.url]]
version = "2.4.0"
when = "2023-06-05"
user-id = 72883
user-login = "valenting"
user-name = "Valentin Gosu"

[[publisher.uuid]]
version = "1.4.1"
when = "2023-07-17"
user-id = 3204
user-login = "KodrAus"
user-name = "Ashley Mannix"

[[publisher.walkdir]]
version = "2.3.3"
when = "2023-03-16"
user-id = 189
user-login = "BurntSushi"
user-name = "Andrew Gallant"

[[publisher.wasi]]
version = "0.11.0+wasi-snapshot-preview1"
when = "2022-01-19"
user-id = 1
user-login = "alexcrichton"
user-name = "Alex Crichton"

[[publisher.wasm-bindgen]]
version = "0.2.87"
when = "2023-06-12"
user-id = 1
user-login = "alexcrichton"
user-name = "Alex Crichton"

[[publisher.wasm-bindgen-backend]]
version = "0.2.87"
when = "2023-06-12"
user-id = 1
user-login = "alexcrichton"
user-name = "Alex Crichton"

[[publisher.wasm-bindgen-macro]]
version = "0.2.87"
when = "2023-06-12"
user-id = 1
user-login = "alexcrichton"
user-name = "Alex Crichton"

[[publisher.wasm-bindgen-macro-support]]
version = "0.2.87"
when = "2023-06-12"
user-id = 1
user-login = "alexcrichton"
user-name = "Alex Crichton"

[[publisher.wasm-bindgen-shared]]
version = "0.2.87"
when = "2023-06-12"
user-id = 1
user-login = "alexcrichton"
user-name = "Alex Crichton"

[[publisher.winapi-util]]
version = "0.1.5"
when = "2020-04-20"
user-id = 189
user-login = "BurntSushi"
user-name = "Andrew Gallant"

[[publisher.windows-sys]]
version = "0.48.0"
when = "2023-03-31"
user-id = 64539
user-login = "kennykerr"
user-name = "Kenny Kerr"

[[publisher.windows-targets]]
version = "0.48.0"
when = "2023-03-31"
user-id = 64539
user-login = "kennykerr"
user-name = "Kenny Kerr"

[[publisher.windows_aarch64_gnullvm]]
version = "0.48.0"
when = "2023-03-31"
user-id = 64539
user-login = "kennykerr"
user-name = "Kenny Kerr"

[[publisher.windows_aarch64_msvc]]
version = "0.48.0"
when = "2023-03-31"
user-id = 64539
user-login = "kennykerr"
user-name = "Kenny Kerr"

[[publisher.windows_i686_gnu]]
version = "0.48.0"
when = "2023-03-31"
user-id = 64539
user-login = "kennykerr"
user-name = "Kenny Kerr"

[[publisher.windows_i686_msvc]]
version = "0.48.0"
when = "2023-03-31"
user-id = 64539
user-login = "kennykerr"
user-name = "Kenny Kerr"

[[publisher.windows_x86_64_gnu]]
version = "0.48.0"
when = "2023-03-31"
user-id = 64539
user-login = "kennykerr"
user-name = "Kenny Kerr"

[[publisher.windows_x86_64_gnullvm]]
version = "0.48.0"
when = "2023-03-31"
user-id = 64539
user-login = "kennykerr"
user-name = "Kenny Kerr"

[[publisher.windows_x86_64_msvc]]
version = "0.48.0"
when = "2023-03-31"
user-id = 64539
user-login = "kennykerr"
user-name = "Kenny Kerr"

[[audits.bytecode-alliance.wildcard-audits.bumpalo]]
who = "Nick Fitzgerald <fitzgen@gmail.com>"
criteria = "safe-to-deploy"
user-id = 696 # Nick Fitzgerald (fitzgen)
start = "2019-03-16"
end = "2024-03-10"

[[audits.bytecode-alliance.audits.anyhow]]
who = "Pat Hickey <phickey@fastly.com>"
criteria = "safe-to-deploy"
delta = "1.0.69 -> 1.0.71"

[[audits.bytecode-alliance.audits.atty]]
who = "Alex Crichton <alex@alexcrichton.com>"
criteria = "safe-to-deploy"
version = "0.2.14"
notes = """
Contains only unsafe code for what this crate's purpose is and only accesses
the environment's terminal information when asked. Does its stated purpose and
no more.
"""

[[audits.bytecode-alliance.audits.base64]]
who = "Pat Hickey <phickey@fastly.com>"
criteria = "safe-to-deploy"
version = "0.21.0"
notes = "This crate has no dependencies, no build.rs, and contains no unsafe code."

[[audits.bytecode-alliance.audits.block-buffer]]
who = "Benjamin Bouvier <public@benj.me>"
criteria = "safe-to-deploy"
delta = "0.9.0 -> 0.10.2"

[[audits.bytecode-alliance.audits.cfg-if]]
who = "Alex Crichton <alex@alexcrichton.com>"
criteria = "safe-to-deploy"
version = "1.0.0"
notes = "I am the author of this crate."

[[audits.bytecode-alliance.audits.crypto-common]]
who = "Benjamin Bouvier <public@benj.me>"
criteria = "safe-to-deploy"
version = "0.1.3"

[[audits.bytecode-alliance.audits.errno]]
who = "Dan Gohman <dev@sunfishcode.online>"
criteria = "safe-to-deploy"
version = "0.3.0"
notes = "This crate uses libc and windows-sys APIs to get and set the raw OS error value."

[[audits.bytecode-alliance.audits.errno]]
who = "Dan Gohman <dev@sunfishcode.online>"
criteria = "safe-to-deploy"
delta = "0.3.0 -> 0.3.1"
notes = "Just a dependency version bump and a bug fix for redox"

[[audits.bytecode-alliance.audits.errno-dragonfly]]
who = "Jamey Sharp <jsharp@fastly.com>"
criteria = "safe-to-deploy"
version = "0.1.2"
notes = "This should be portable to any POSIX system and seems like it should be part of the libc crate, but at any rate it's safe as is."

[[audits.bytecode-alliance.audits.heck]]
who = "Alex Crichton <alex@alexcrichton.com>"
criteria = "safe-to-deploy"
version = "0.4.0"
notes = "Contains `forbid_unsafe` and only uses `std::fmt` from the standard library. Otherwise only contains string manipulation."

[[audits.bytecode-alliance.audits.idna]]
who = "Alex Crichton <alex@alexcrichton.com>"
criteria = "safe-to-deploy"
version = "0.3.0"
notes = """
This is a crate without unsafe code or usage of the standard library. The large
size of this crate comes from the large generated unicode tables file. This
crate is broadly used throughout the ecosystem and does not contain anything
suspicious.
"""

[[audits.bytecode-alliance.audits.io-lifetimes]]
who = "Dan Gohman <dev@sunfishcode.online>"
criteria = "safe-to-deploy"
version = "1.0.3"
notes = "I am the author of this crate."

[[audits.bytecode-alliance.audits.io-lifetimes]]
who = "Pat Hickey <phickey@fastly.com>"
criteria = "safe-to-deploy"
delta = "1.0.3 -> 1.0.5"
notes = "The Bytecode Alliance is the author of this crate."

[[audits.bytecode-alliance.audits.io-lifetimes]]
who = "Dan Gohman <dev@sunfishcode.online>"
criteria = "safe-to-deploy"
delta = "1.0.5 -> 1.0.10"
notes = "I am the maintainer of this crate."

[[audits.bytecode-alliance.audits.is-terminal]]
who = "Dan Gohman <dev@sunfishcode.online>"
criteria = "safe-to-deploy"
version = "0.4.7"
notes = """
The is-terminal implementation code is now sync'd up with the prototype
implementation in the Rust standard library.
"""

[[audits.bytecode-alliance.audits.matchers]]
who = "Pat Hickey <phickey@fastly.com>"
criteria = "safe-to-deploy"
version = "0.1.0"

[[audits.bytecode-alliance.audits.pin-utils]]
who = "Pat Hickey <phickey@fastly.com>"
criteria = "safe-to-deploy"
version = "0.1.0"

[[audits.bytecode-alliance.audits.pulldown-cmark]]
who = "Alex Crichton <alex@alexcrichton.com>"
criteria = "safe-to-deploy"
version = "0.8.0"
notes = """
This crate has `unsafe` blocks and they're all related to SIMD-acceleration and
are otherwise not doing other `unsafe` operations. Additionally the crate does
not do anything other than markdown rendering as is expected.
"""

[[audits.bytecode-alliance.audits.pulldown-cmark]]
who = "Alex Crichton <alex@alexcrichton.com>"
criteria = "safe-to-deploy"
delta = "0.8.0 -> 0.9.3"
notes = """
This is a large change to the `pulldown-cmark` crate but it tightens
restrictions on `unsafe` code to forbid it in non-SIMD mode and additionally
many changes look to be related to refactoring, improving, and restructuring.
This crate is not fundamentally different from before, which was trusted, but
looks to be receiving new assistance for maintainership as well.
"""

[[audits.bytecode-alliance.audits.quote]]
who = "Pat Hickey <phickey@fastly.com>"
criteria = "safe-to-deploy"
delta = "1.0.23 -> 1.0.27"

[[audits.bytecode-alliance.audits.tinyvec]]
who = "Alex Crichton <alex@alexcrichton.com>"
criteria = "safe-to-deploy"
version = "1.6.0"
notes = """
This crate, while it implements collections, does so without `std::*` APIs and
without `unsafe`. Skimming the crate everything looks reasonable and what one
would expect from idiomatic safe collections in Rust.
"""

[[audits.bytecode-alliance.audits.tinyvec_macros]]
who = "Alex Crichton <alex@alexcrichton.com>"
criteria = "safe-to-deploy"
version = "0.1.0"
notes = """
This is a trivial crate which only contains a singular macro definition which is
intended to multiplex across the internal representation of a tinyvec,
presumably. This trivially doesn't contain anything bad.
"""

[[audits.bytecode-alliance.audits.unicase]]
who = "Alex Crichton <alex@alexcrichton.com>"
criteria = "safe-to-deploy"
version = "2.6.0"
notes = """
This crate contains no `unsafe` code and no unnecessary use of the standard
library.
"""

[[audits.bytecode-alliance.audits.unicode-ident]]
who = "Pat Hickey <phickey@fastly.com>"
criteria = "safe-to-deploy"
version = "1.0.8"

[[audits.embark-studios.audits.anyhow]]
who = "Johan Andersson <opensource@embark-studios.com>"
criteria = "safe-to-deploy"
version = "1.0.58"

[[audits.embark-studios.audits.colorchoice]]
who = "Johan Andersson <opensource@embark-studios.com>"
criteria = "safe-to-deploy"
version = "1.0.0"
notes = "No unsafe usage or ambient capabilities"

[[audits.embark-studios.audits.idna]]
who = "Johan Andersson <opensource@embark-studios.com>"
criteria = "safe-to-deploy"
delta = "0.3.0 -> 0.4.0"
notes = "No unsafe usage or ambient capabilities"

[[audits.embark-studios.audits.thiserror]]
who = "Johan Andersson <opensource@embark-studios.com>"
criteria = "safe-to-deploy"
version = "1.0.40"
notes = "Wrapper over implementation crate, found no unsafe or ambient capabilities used"

[[audits.embark-studios.audits.thiserror-impl]]
who = "Johan Andersson <opensource@embark-studios.com>"
criteria = "safe-to-deploy"
version = "1.0.40"
notes = "Found no unsafe or ambient capabilities used"

[[audits.embark-studios.audits.utf8parse]]
who = "Johan Andersson <opensource@embark-studios.com>"
criteria = "safe-to-deploy"
version = "0.2.1"
notes = "Single unsafe usage that looks sound, no ambient capabilities"

[[audits.embark-studios.audits.valuable]]
who = "Johan Andersson <opensource@embark-studios.com>"
criteria = "safe-to-deploy"
version = "0.1.0"
notes = "No unsafe usage or ambient capabilities, sane build script"

[[audits.google.audits.ctor]]
who = "George Burgess IV <gbiv@google.com>"
criteria = "safe-to-run"
version = "0.1.26"
aggregated-from = "https://chromium.googlesource.com/chromiumos/third_party/rust_crates/+/refs/heads/main/cargo-vet/audits.toml?format=TEXT"

[[audits.google.audits.fastrand]]
who = "George Burgess IV <gbiv@google.com>"
criteria = "safe-to-deploy"
version = "1.9.0"
notes = """
`does-not-implement-crypto` is certified because this crate explicitly says
that the RNG here is not cryptographically secure.
"""
aggregated-from = "https://chromium.googlesource.com/chromiumos/third_party/rust_crates/+/refs/heads/main/cargo-vet/audits.toml?format=TEXT"

[[audits.google.audits.glob]]
who = "George Burgess IV <gbiv@google.com>"
criteria = "safe-to-deploy"
version = "0.3.1"
aggregated-from = "https://chromium.googlesource.com/chromiumos/third_party/rust_crates/+/refs/heads/main/cargo-vet/audits.toml?format=TEXT"

[[audits.google.audits.version_check]]
who = "George Burgess IV <gbiv@google.com>"
criteria = "safe-to-deploy"
version = "0.9.4"
aggregated-from = "https://chromium.googlesource.com/chromiumos/third_party/rust_crates/+/refs/heads/main/cargo-vet/audits.toml?format=TEXT"

[[audits.isrg.audits.base64]]
who = "Tim Geoghegan <timg@letsencrypt.org>"
criteria = "safe-to-deploy"
delta = "0.21.0 -> 0.21.1"

[[audits.isrg.audits.base64]]
who = "Brandon Pitman <bran@bran.land>"
criteria = "safe-to-deploy"
delta = "0.21.1 -> 0.21.2"

[[audits.isrg.audits.block-buffer]]
who = "David Cook <dcook@divviup.org>"
criteria = "safe-to-deploy"
version = "0.9.0"

[[audits.isrg.audits.either]]
who = "David Cook <dcook@divviup.org>"
criteria = "safe-to-deploy"
version = "1.6.1"

[[audits.isrg.audits.getrandom]]
who = "Tim Geoghegan <timg@letsencrypt.org>"
criteria = "safe-to-deploy"
delta = "0.2.9 -> 0.2.10"
notes = "These changes include some new `unsafe` code for the `emscripten` and `psvita` targets, but all it does is call `libc::getentropy`."

[[audits.isrg.audits.once_cell]]
who = "David Cook <dcook@divviup.org>"
criteria = "safe-to-deploy"
delta = "1.17.2 -> 1.18.0"

[[audits.isrg.audits.rand_core]]
who = "David Cook <dcook@divviup.org>"
criteria = "safe-to-deploy"
version = "0.6.3"

[[audits.mozilla.wildcard-audits.core-foundation-sys]]
who = "Bobby Holley <bobbyholley@gmail.com>"
criteria = "safe-to-deploy"
user-id = 5946 # Jeff Muizelaar (jrmuizel)
start = "2020-10-14"
end = "2023-05-04"
renew = false
notes = "I've reviewed every source contribution that was neither authored nor reviewed by Mozilla."
aggregated-from = "https://hg.mozilla.org/mozilla-central/raw-file/tip/supply-chain/audits.toml"

[[audits.mozilla.wildcard-audits.unicode-normalization]]
who = "Manish Goregaokar <manishsmail@gmail.com>"
criteria = "safe-to-deploy"
user-id = 1139 # Manish Goregaokar (Manishearth)
start = "2019-11-06"
end = "2024-05-03"
notes = "All code written or reviewed by Manish"
aggregated-from = "https://hg.mozilla.org/mozilla-central/raw-file/tip/supply-chain/audits.toml"

[[audits.mozilla.audits.android_system_properties]]
who = "Nicolas Silva <nical@fastmail.com>"
criteria = "safe-to-deploy"
version = "0.1.2"
notes = "I wrote this crate, reviewed by jimb. It is mostly a Rust port of some C++ code we already ship."
aggregated-from = "https://hg.mozilla.org/mozilla-central/raw-file/tip/supply-chain/audits.toml"

[[audits.mozilla.audits.android_system_properties]]
who = "Mike Hommey <mh+mozilla@glandium.org>"
criteria = "safe-to-deploy"
delta = "0.1.2 -> 0.1.4"
aggregated-from = "https://hg.mozilla.org/mozilla-central/raw-file/tip/supply-chain/audits.toml"

[[audits.mozilla.audits.android_system_properties]]
who = "Mike Hommey <mh+mozilla@glandium.org>"
criteria = "safe-to-deploy"
delta = "0.1.4 -> 0.1.5"
aggregated-from = "https://hg.mozilla.org/mozilla-central/raw-file/tip/supply-chain/audits.toml"

[[audits.mozilla.audits.anyhow]]
who = "Mike Hommey <mh+mozilla@glandium.org>"
criteria = "safe-to-deploy"
delta = "1.0.57 -> 1.0.61"
aggregated-from = "https://hg.mozilla.org/mozilla-central/raw-file/tip/supply-chain/audits.toml"

[[audits.mozilla.audits.anyhow]]
who = "Bobby Holley <bobbyholley@gmail.com>"
criteria = "safe-to-deploy"
delta = "1.0.58 -> 1.0.57"
notes = "No functional differences, just CI config and docs."
aggregated-from = "https://hg.mozilla.org/mozilla-central/raw-file/tip/supply-chain/audits.toml"

[[audits.mozilla.audits.anyhow]]
who = "Mike Hommey <mh+mozilla@glandium.org>"
criteria = "safe-to-deploy"
delta = "1.0.61 -> 1.0.62"
aggregated-from = "https://hg.mozilla.org/mozilla-central/raw-file/tip/supply-chain/audits.toml"

[[audits.mozilla.audits.anyhow]]
who = "Mike Hommey <mh+mozilla@glandium.org>"
criteria = "safe-to-deploy"
delta = "1.0.62 -> 1.0.68"
aggregated-from = "https://hg.mozilla.org/mozilla-central/raw-file/tip/supply-chain/audits.toml"

[[audits.mozilla.audits.anyhow]]
who = "Mike Hommey <mh+mozilla@glandium.org>"
criteria = "safe-to-deploy"
delta = "1.0.68 -> 1.0.69"
aggregated-from = "https://hg.mozilla.org/mozilla-central/raw-file/tip/supply-chain/audits.toml"

[[audits.mozilla.audits.askama]]
who = "Bobby Holley <bobbyholley@gmail.com>"
criteria = "safe-to-deploy"
version = "0.11.1"
notes = """
Just contains some traits and re-exports for use by a broader package of related
crates. No unsafe code or ambient capability usage.
"""
aggregated-from = "https://hg.mozilla.org/mozilla-central/raw-file/tip/supply-chain/audits.toml"

[[audits.mozilla.audits.askama]]
who = "Jan-Erik Rediger <jrediger@mozilla.com>"
criteria = "safe-to-deploy"
delta = "0.11.1 -> 0.12.0"
notes = "No new unsafe usage, mostly dependency updates and smaller API changes"
aggregated-from = "https://raw.githubusercontent.com/mozilla/glean/main/supply-chain/audits.toml"

[[audits.mozilla.audits.autocfg]]
who = "Josh Stone <jistone@redhat.com>"
criteria = "safe-to-deploy"
version = "1.1.0"
notes = "All code written or reviewed by Josh Stone."
aggregated-from = "https://hg.mozilla.org/mozilla-central/raw-file/tip/supply-chain/audits.toml"

[[audits.mozilla.audits.bit-set]]
who = "Aria Beingessner <a.beingessner@gmail.com>"
criteria = "safe-to-deploy"
version = "0.5.2"
notes = "Another crate I own via contain-rs that is ancient and maintenance mode, no known issues."
aggregated-from = "https://hg.mozilla.org/mozilla-central/raw-file/tip/supply-chain/audits.toml"

[[audits.mozilla.audits.bit-set]]
who = "Mike Hommey <mh+mozilla@glandium.org>"
criteria = "safe-to-deploy"
delta = "0.5.2 -> 0.5.3"
aggregated-from = "https://hg.mozilla.org/mozilla-central/raw-file/tip/supply-chain/audits.toml"

[[audits.mozilla.audits.bit-vec]]
who = "Aria Beingessner <a.beingessner@gmail.com>"
criteria = "safe-to-deploy"
version = "0.6.3"
notes = "Another crate I own via contain-rs that is ancient and in maintenance mode but otherwise perfectly fine."
aggregated-from = "https://hg.mozilla.org/mozilla-central/raw-file/tip/supply-chain/audits.toml"

[[audits.mozilla.audits.block-buffer]]
who = "Mike Hommey <mh+mozilla@glandium.org>"
criteria = "safe-to-deploy"
delta = "0.10.2 -> 0.10.3"
aggregated-from = "https://hg.mozilla.org/mozilla-central/raw-file/tip/supply-chain/audits.toml"

[[audits.mozilla.audits.crypto-common]]
who = "Mike Hommey <mh+mozilla@glandium.org>"
criteria = "safe-to-deploy"
delta = "0.1.3 -> 0.1.6"
aggregated-from = "https://hg.mozilla.org/mozilla-central/raw-file/tip/supply-chain/audits.toml"

[[audits.mozilla.audits.doc-comment]]
who = "Nika Layzell <nika@thelayzells.com>"
criteria = "safe-to-deploy"
version = "0.3.3"
notes = """
Trivial macro crate implementing a trick for expanding macros within doc
comments on older versions of rustc.
"""
aggregated-from = "https://raw.githubusercontent.com/mozilla/cargo-vet/main/supply-chain/audits.toml"

[[audits.mozilla.audits.either]]
who = "Mike Hommey <mh+mozilla@glandium.org>"
criteria = "safe-to-deploy"
delta = "1.6.1 -> 1.7.0"
aggregated-from = "https://hg.mozilla.org/mozilla-central/raw-file/tip/supply-chain/audits.toml"

[[audits.mozilla.audits.either]]
who = "Mike Hommey <mh+mozilla@glandium.org>"
criteria = "safe-to-deploy"
delta = "1.7.0 -> 1.8.0"
aggregated-from = "https://hg.mozilla.org/mozilla-central/raw-file/tip/supply-chain/audits.toml"

[[audits.mozilla.audits.either]]
who = "Mike Hommey <mh+mozilla@glandium.org>"
criteria = "safe-to-deploy"
delta = "1.8.0 -> 1.8.1"
aggregated-from = "https://hg.mozilla.org/mozilla-central/raw-file/tip/supply-chain/audits.toml"

[[audits.mozilla.audits.hashbrown]]
who = "Mike Hommey <mh+mozilla@glandium.org>"
criteria = "safe-to-deploy"
version = "0.12.3"
notes = "This version is used in rust's libstd, so effectively we're already trusting it"
aggregated-from = "https://hg.mozilla.org/mozilla-central/raw-file/tip/supply-chain/audits.toml"

[[audits.mozilla.audits.heck]]
who = "Mike Hommey <mh+mozilla@glandium.org>"
criteria = "safe-to-deploy"
delta = "0.4.0 -> 0.4.1"
aggregated-from = "https://hg.mozilla.org/mozilla-central/raw-file/tip/supply-chain/audits.toml"

[[audits.mozilla.audits.lazy_static]]
who = "Nika Layzell <nika@thelayzells.com>"
criteria = "safe-to-deploy"
version = "1.4.0"
notes = "I have read over the macros, and audited the unsafe code."
aggregated-from = "https://raw.githubusercontent.com/mozilla/cargo-vet/main/supply-chain/audits.toml"

[[audits.mozilla.audits.new_debug_unreachable]]
who = "Bobby Holley <bobbyholley@gmail.com>"
criteria = "safe-to-deploy"
version = "1.0.4"
notes = "This is a trivial crate."
aggregated-from = "https://hg.mozilla.org/mozilla-central/raw-file/tip/supply-chain/audits.toml"

[[audits.mozilla.audits.num-traits]]
who = "Josh Stone <jistone@redhat.com>"
criteria = "safe-to-deploy"
version = "0.2.15"
notes = "All code written or reviewed by Josh Stone."
aggregated-from = "https://hg.mozilla.org/mozilla-central/raw-file/tip/supply-chain/audits.toml"

[[audits.mozilla.audits.precomputed-hash]]
who = "Bobby Holley <bobbyholley@gmail.com>"
criteria = "safe-to-deploy"
version = "0.1.1"
notes = "This is a trivial crate."
aggregated-from = "https://hg.mozilla.org/mozilla-central/raw-file/tip/supply-chain/audits.toml"

[[audits.mozilla.audits.quote]]
who = "Nika Layzell <nika@thelayzells.com>"
criteria = "safe-to-deploy"
version = "1.0.18"
notes = """
`quote` is a utility crate used by proc-macros to generate TokenStreams
conveniently from source code. The bulk of the logic is some complex
interlocking `macro_rules!` macros which are used to parse and build the
`TokenStream` within the proc-macro.

This crate contains no unsafe code, and the internal logic, while difficult to
read, is generally straightforward. I have audited the the quote macros, ident
formatter, and runtime logic.
"""
aggregated-from = "https://hg.mozilla.org/mozilla-central/raw-file/tip/supply-chain/audits.toml"

[[audits.mozilla.audits.quote]]
who = "Mike Hommey <mh+mozilla@glandium.org>"
criteria = "safe-to-deploy"
delta = "1.0.18 -> 1.0.21"
aggregated-from = "https://hg.mozilla.org/mozilla-central/raw-file/tip/supply-chain/audits.toml"

[[audits.mozilla.audits.quote]]
who = "Mike Hommey <mh+mozilla@glandium.org>"
criteria = "safe-to-deploy"
delta = "1.0.21 -> 1.0.23"
aggregated-from = "https://hg.mozilla.org/mozilla-central/raw-file/tip/supply-chain/audits.toml"

[[audits.mozilla.audits.quote]]
who = "Jan-Erik Rediger <jrediger@mozilla.com>"
criteria = "safe-to-deploy"
delta = "1.0.27 -> 1.0.28"
notes = "Enabled on wasm targets"
aggregated-from = "https://raw.githubusercontent.com/mozilla/glean/main/supply-chain/audits.toml"

[[audits.mozilla.audits.rand_core]]
who = "Mike Hommey <mh+mozilla@glandium.org>"
criteria = "safe-to-deploy"
delta = "0.6.3 -> 0.6.4"
aggregated-from = "https://hg.mozilla.org/mozilla-central/raw-file/tip/supply-chain/audits.toml"

[[audits.mozilla.audits.toml]]
who = "Bobby Holley <bobbyholley@gmail.com>"
criteria = "safe-to-deploy"
delta = "0.5.7 -> 0.5.9"
aggregated-from = "https://hg.mozilla.org/mozilla-central/raw-file/tip/supply-chain/audits.toml"

[[audits.mozilla.audits.toml]]
who = "Mike Hommey <mh+mozilla@glandium.org>"
criteria = "safe-to-deploy"
delta = "0.5.9 -> 0.5.10"
aggregated-from = "https://hg.mozilla.org/mozilla-central/raw-file/tip/supply-chain/audits.toml"

[[audits.mozilla.audits.toml]]
who = "Mike Hommey <mh+mozilla@glandium.org>"
criteria = "safe-to-deploy"
delta = "0.5.10 -> 0.5.11"
aggregated-from = "https://hg.mozilla.org/mozilla-central/raw-file/tip/supply-chain/audits.toml"

[[audits.mozilla.audits.unicode-ident]]
who = "Jan-Erik Rediger <jrediger@mozilla.com>"
criteria = "safe-to-deploy"
delta = "1.0.8 -> 1.0.9"
notes = "Dependency updates only"
aggregated-from = "https://raw.githubusercontent.com/mozilla/glean/main/supply-chain/audits.toml"

[[audits.zcash.audits.block-buffer]]
who = "Jack Grigg <jack@electriccoin.co>"
criteria = "safe-to-deploy"
delta = "0.10.3 -> 0.10.4"
notes = "Adds panics to prevent a block size of zero from causing unsoundness."
aggregated-from = "https://raw.githubusercontent.com/zcash/zcash/master/qa/supply-chain/audits.toml"

[[audits.zcash.audits.io-lifetimes]]
who = "Jack Grigg <jack@electriccoin.co>"
criteria = "safe-to-deploy"
delta = "1.0.10 -> 1.0.11"
aggregated-from = "https://raw.githubusercontent.com/zcash/zcash/master/qa/supply-chain/audits.toml"

[[audits.zcash.audits.tinyvec_macros]]
who = "Jack Grigg <jack@z.cash>"
criteria = "safe-to-deploy"
delta = "0.1.0 -> 0.1.1"
notes = "Adds `#![forbid(unsafe_code)]` and license files."
aggregated-from = "https://raw.githubusercontent.com/zcash/zcash/master/qa/supply-chain/audits.toml"
