{
  "name": "main",
  "lockfileVersion": 2,
  "requires": true,
  "packages": {
    "": {
      "name": "main",
      "dependencies": {
        "bootstrap": "^3.4.1",
        "chart.js": "^3.7.1",
        "clipboard": "^2.0.11",
        "datatables.net": "^1.12.1",
        "datatables.net-fixedheader": "^3.2.3",
        "datatables.net-plugins": "^1.11.5",
        "datatables.net-rowgroup": "^1.2.0",
        "diff": "^5.1.0",
        "jquery": "^3.6.0",
        "jquery-ui-timepicker-addon": "^1.6.3",
        "jstree": "^3.3.12",
        "showdown": "^2.1.0",
        "showdown-xss-filter": "^0.2.0",
        "xss": "^1.0.14"
      }
    },
    "node_modules/bootstrap": {
      "version": "3.4.1",
      "resolved": "https://registry.npmjs.org/bootstrap/-/bootstrap-3.4.1.tgz",
      "integrity": "sha512-yN5oZVmRCwe5aKwzRj6736nSmKDX7pLYwsXiCj/EYmo16hODaBiT4En5btW/jhBF/seV+XMx3aYwukYC3A49DA==",
      "engines": {
        "node": ">=6"
      }
    },
    "node_modules/chart.js": {
      "version": "3.7.1",
      "resolved": "https://registry.npmjs.org/chart.js/-/chart.js-3.7.1.tgz",
      "integrity": "sha512-8knRegQLFnPQAheZV8MjxIXc5gQEfDFD897BJgv/klO/vtIyFFmgMXrNfgrXpbTr/XbTturxRgxIXx/Y+ASJBA=="
    },
    "node_modules/clipboard": {
      "version": "2.0.11",
      "resolved": "https://registry.npmjs.org/clipboard/-/clipboard-2.0.11.tgz",
      "integrity": "sha512-C+0bbOqkezLIsmWSvlsXS0Q0bmkugu7jcfMIACB+RDEntIzQIkdr148we28AfSloQLRdZlYL/QYyrq05j/3Faw==",
      "dependencies": {
        "good-listener": "^1.2.2",
        "select": "^1.1.2",
        "tiny-emitter": "^2.0.0"
      }
    },
    "node_modules/commander": {
      "version": "2.20.3",
      "resolved": "https://registry.npmjs.org/commander/-/commander-2.20.3.tgz",
      "integrity": "sha512-GpVkmM8vF2vQUkj2LvZmD35JxeJOLCwJ9cUkugyk2nuhbv3+mJvpLYYt+0+USMxE+oj+ey/lJEnhZw75x/OMcQ=="
    },
    "node_modules/cssfilter": {
      "version": "0.0.10",
      "resolved": "https://registry.npmjs.org/cssfilter/-/cssfilter-0.0.10.tgz",
      "integrity": "sha512-FAaLDaplstoRsDR8XGYH51znUN0UY7nMc6Z9/fvE8EXGwvJE9hu7W2vHwx1+bd6gCYnln9nLbzxFTrcO9YQDZw=="
    },
    "node_modules/datatables.net": {
      "version": "1.12.1",
      "resolved": "https://registry.npmjs.org/datatables.net/-/datatables.net-1.12.1.tgz",
      "integrity": "sha512-e6XAMUoV41JdQPS/r9YRfRcmTPcCVvyZbWI+xog1Zg+kjVliMQbEkvWK5XFItmi64Cvwg+IqsZbTUJ1KSY3umA==",
      "dependencies": {
        "jquery": ">=1.7"
      }
    },
    "node_modules/datatables.net-fixedheader": {
      "version": "3.2.3",
      "resolved": "https://registry.npmjs.org/datatables.net-fixedheader/-/datatables.net-fixedheader-3.2.3.tgz",
      "integrity": "sha512-z+YOTgKquPqXREiATuH8yAGZcpRRZQW+I2NVu5H/+rnIYO1CJIi63hQD/nnv51J7RaTXSUk1OQtriN/VUs4YMQ==",
      "dependencies": {
        "datatables.net": ">=1.11.3",
        "jquery": ">=1.7"
      }
    },
    "node_modules/datatables.net-plugins": {
      "version": "1.11.5",
      "resolved": "https://registry.npmjs.org/datatables.net-plugins/-/datatables.net-plugins-1.11.5.tgz",
      "integrity": "sha512-+Rsf/fyLG8GyFqp7Bvd1ElqWGQO3NPsx2VADn9X8QaZbctshGVW0sqvR5V7iHHgY6OY1LR0+t6qIMhan9BM4gA=="
    },
    "node_modules/datatables.net-rowgroup": {
      "version": "1.2.0",
      "resolved": "https://registry.npmjs.org/datatables.net-rowgroup/-/datatables.net-rowgroup-1.2.0.tgz",
      "integrity": "sha512-YQWL9Z70/XqBQK5YkBk/BhnmgQ1jux0ntHGpi+PYgeHEzS5lM1/oMoJEKiqIT02mVbUQOUE3z7t6rLSA0JbdvQ==",
      "dependencies": {
        "datatables.net": ">=1.11.3",
        "jquery": ">=1.7"
      }
    },
    "node_modules/delegate": {
      "version": "3.2.0",
      "resolved": "https://registry.npmjs.org/delegate/-/delegate-3.2.0.tgz",
      "integrity": "sha512-IofjkYBZaZivn0V8nnsMJGBr4jVLxHDheKSW88PyxS5QC4Vo9ZbZVvhzlSxY87fVq3STR6r+4cGepyHkcWOQSw=="
    },
    "node_modules/diff": {
      "version": "5.1.0",
      "resolved": "https://registry.npmjs.org/diff/-/diff-5.1.0.tgz",
      "integrity": "sha512-D+mk+qE8VC/PAUrlAU34N+VfXev0ghe5ywmpqrawphmVZc1bEfn56uo9qpyGp1p4xpzOHkSW4ztBd6L7Xx4ACw==",
      "engines": {
        "node": ">=0.3.1"
      }
    },
    "node_modules/good-listener": {
      "version": "1.2.2",
      "resolved": "https://registry.npmjs.org/good-listener/-/good-listener-1.2.2.tgz",
      "integrity": "sha512-goW1b+d9q/HIwbVYZzZ6SsTr4IgE+WA44A0GmPIQstuOrgsFcT7VEJ48nmr9GaRtNu0XTKacFLGnBPAM6Afouw==",
      "dependencies": {
        "delegate": "^3.1.2"
      }
    },
    "node_modules/jquery": {
      "version": "3.6.0",
      "resolved": "https://registry.npmjs.org/jquery/-/jquery-3.6.0.tgz",
      "integrity": "sha512-JVzAR/AjBvVt2BmYhxRCSYysDsPcssdmTFnzyLEts9qNwmjmu4JTAMYubEfwVOSwpQ1I1sKKFcxhZCI2buerfw=="
    },
    "node_modules/jquery-ui": {
      "version": "1.12.0",
      "resolved": "https://registry.npmjs.org/jquery-ui/-/jquery-ui-1.12.0.tgz",
      "integrity": "sha512-9sIbqX9tX983WaJhc+8ZfCW/de+o684bKx9N75WvoFxMfGTmuZuUtFAPNxbcYVTO/MGXY+iRA+zvtR5EF1bgDA=="
    },
    "node_modules/jquery-ui-timepicker-addon": {
      "version": "1.6.3",
      "resolved": "https://registry.npmjs.org/jquery-ui-timepicker-addon/-/jquery-ui-timepicker-addon-1.6.3.tgz",
      "integrity": "sha512-JvZTp1vGN1Ws9tr39VPRBC1/cOVdY/pa6a2mMcAXpEgjrsXc02xBXQthDtQsBXEqR0FbZV+GdXi/c+LDpuyk/A==",
      "engines": {
        "node": ">= 0.8.0"
      }
    },
    "node_modules/jstree": {
      "version": "3.3.12",
      "resolved": "https://registry.npmjs.org/jstree/-/jstree-3.3.12.tgz",
      "integrity": "sha512-vHNLWkUr02ZYH7RcIckvhtLUtneWCVEtIKpIp2G9WtRh01ITv18EoNtNQcFG3ozM+oK6wp1Z300gSLXNQWCqGA==",
      "dependencies": {
        "jquery": ">=1.9.1"
      }
    },
    "node_modules/select": {
      "version": "1.1.2",
      "resolved": "https://registry.npmjs.org/select/-/select-1.1.2.tgz",
      "integrity": "sha512-OwpTSOfy6xSs1+pwcNrv0RBMOzI39Lp3qQKUTPVVPRjCdNa5JH/oPRiqsesIskK8TVgmRiHwO4KXlV2Li9dANA=="
    },
    "node_modules/showdown": {
      "version": "2.1.0",
      "resolved": "https://registry.npmjs.org/showdown/-/showdown-2.1.0.tgz",
      "integrity": "sha512-/6NVYu4U819R2pUIk79n67SYgJHWCce0a5xTP979WbNp0FL9MN1I1QK662IDU1b6JzKTvmhgI7T7JYIxBi3kMQ==",
      "dependencies": {
        "commander": "^9.0.0"
      },
      "bin": {
        "showdown": "bin/showdown.js"
      },
      "funding": {
        "type": "individual",
        "url": "https://www.paypal.me/tiviesantos"
      }
    },
    "node_modules/showdown-xss-filter": {
      "version": "0.2.0",
      "resolved": "https://registry.npmjs.org/showdown-xss-filter/-/showdown-xss-filter-0.2.0.tgz",
      "integrity": "sha512-V9YemMkVoMHf+vCt7XZFL7UPSYghiWJeuWx0tCAv7b5aDJ8q0tN6RnIRTYSVSqn6eF/E6/VZOMzLmi/Cw/SKWw==",
      "dependencies": {
        "xss": "0.2.x"
      }
    },
    "node_modules/showdown-xss-filter/node_modules/cssfilter": {
      "version": "0.0.8",
      "resolved": "https://registry.npmjs.org/cssfilter/-/cssfilter-0.0.8.tgz",
      "integrity": "sha512-i7YoGVXSFDSwdfo0ZaYu8dUvXjFnnn60qGW3rOQR+8kUDjeGsArm5F5iKkj5ahHpz5fgJQ3H3ty8IhsbVE13WA=="
    },
    "node_modules/showdown-xss-filter/node_modules/xss": {
      "version": "0.2.18",
      "resolved": "https://registry.npmjs.org/xss/-/xss-0.2.18.tgz",
      "integrity": "sha512-NXxg7yzwwGO7fEsbVHggphWgM9zfFVNXvz9txMB1/a+QAukje64AJ4VNfmOG0QazTxIvo/RbgD0kZoadaGp8Qw==",
      "dependencies": {
        "commander": "^2.9.0",
        "cssfilter": "^0.0.8"
      },
      "bin": {
        "xss": "bin/xss"
      },
      "engines": {
        "node": ">= 0.10.0"
      }
    },
    "node_modules/showdown/node_modules/commander": {
      "version": "9.4.1",
      "resolved": "https://registry.npmjs.org/commander/-/commander-9.4.1.tgz",
      "integrity": "sha512-5EEkTNyHNGFPD2H+c/dXXfQZYa/scCKasxWcXJaWnNJ99pnQN9Vnmqow+p+PlFPE63Q6mThaZws1T+HxfpgtPw==",
      "engines": {
        "node": "^12.20.0 || >=14"
      }
    },
    "node_modules/tiny-emitter": {
      "version": "2.1.0",
      "resolved": "https://registry.npmjs.org/tiny-emitter/-/tiny-emitter-2.1.0.tgz",
      "integrity": "sha512-NB6Dk1A9xgQPMoGqC5CVXn123gWyte215ONT5Pp5a0yt4nlEoO1ZWeCwpncaekPHXO60i47ihFnZPiRPjRMq4Q=="
    },
    "node_modules/xss": {
      "version": "1.0.14",
      "resolved": "https://registry.npmjs.org/xss/-/xss-1.0.14.tgz",
      "integrity": "sha512-og7TEJhXvn1a7kzZGQ7ETjdQVS2UfZyTlsEdDOqvQF7GoxNfY+0YLCzBy1kPdsDDx4QuNAonQPddpsn6Xl/7sw==",
      "dependencies": {
        "commander": "^2.20.3",
        "cssfilter": "0.0.10"
      },
      "bin": {
        "xss": "bin/xss"
      },
      "engines": {
        "node": ">= 0.10.0"
      }
    }
  },
  "dependencies": {
    "bootstrap": {
      "version": "3.4.1",
      "resolved": "https://registry.npmjs.org/bootstrap/-/bootstrap-3.4.1.tgz",
      "integrity": "sha512-yN5oZVmRCwe5aKwzRj6736nSmKDX7pLYwsXiCj/EYmo16hODaBiT4En5btW/jhBF/seV+XMx3aYwukYC3A49DA=="
    },
    "chart.js": {
      "version": "3.7.1",
      "resolved": "https://registry.npmjs.org/chart.js/-/chart.js-3.7.1.tgz",
      "integrity": "sha512-8knRegQLFnPQAheZV8MjxIXc5gQEfDFD897BJgv/klO/vtIyFFmgMXrNfgrXpbTr/XbTturxRgxIXx/Y+ASJBA=="
    },
    "clipboard": {
      "version": "2.0.11",
      "resolved": "https://registry.npmjs.org/clipboard/-/clipboard-2.0.11.tgz",
      "integrity": "sha512-C+0bbOqkezLIsmWSvlsXS0Q0bmkugu7jcfMIACB+RDEntIzQIkdr148we28AfSloQLRdZlYL/QYyrq05j/3Faw==",
      "requires": {
        "good-listener": "^1.2.2",
        "select": "^1.1.2",
        "tiny-emitter": "^2.0.0"
      }
    },
    "commander": {
      "version": "2.20.3",
      "resolved": "https://registry.npmjs.org/commander/-/commander-2.20.3.tgz",
      "integrity": "sha512-GpVkmM8vF2vQUkj2LvZmD35JxeJOLCwJ9cUkugyk2nuhbv3+mJvpLYYt+0+USMxE+oj+ey/lJEnhZw75x/OMcQ=="
    },
    "cssfilter": {
      "version": "0.0.10",
      "resolved": "https://registry.npmjs.org/cssfilter/-/cssfilter-0.0.10.tgz",
      "integrity": "sha512-FAaLDaplstoRsDR8XGYH51znUN0UY7nMc6Z9/fvE8EXGwvJE9hu7W2vHwx1+bd6gCYnln9nLbzxFTrcO9YQDZw=="
    },
    "datatables.net": {
      "version": "1.12.1",
      "resolved": "https://registry.npmjs.org/datatables.net/-/datatables.net-1.12.1.tgz",
      "integrity": "sha512-e6XAMUoV41JdQPS/r9YRfRcmTPcCVvyZbWI+xog1Zg+kjVliMQbEkvWK5XFItmi64Cvwg+IqsZbTUJ1KSY3umA==",
      "requires": {
        "jquery": ">=1.7"
      }
    },
    "datatables.net-fixedheader": {
      "version": "3.2.3",
      "resolved": "https://registry.npmjs.org/datatables.net-fixedheader/-/datatables.net-fixedheader-3.2.3.tgz",
      "integrity": "sha512-z+YOTgKquPqXREiATuH8yAGZcpRRZQW+I2NVu5H/+rnIYO1CJIi63hQD/nnv51J7RaTXSUk1OQtriN/VUs4YMQ==",
      "requires": {
        "datatables.net": ">=1.11.3",
        "jquery": ">=1.7"
      }
    },
    "datatables.net-plugins": {
      "version": "1.11.5",
      "resolved": "https://registry.npmjs.org/datatables.net-plugins/-/datatables.net-plugins-1.11.5.tgz",
      "integrity": "sha512-+Rsf/fyLG8GyFqp7Bvd1ElqWGQO3NPsx2VADn9X8QaZbctshGVW0sqvR5V7iHHgY6OY1LR0+t6qIMhan9BM4gA=="
    },
    "datatables.net-rowgroup": {
      "version": "1.2.0",
      "resolved": "https://registry.npmjs.org/datatables.net-rowgroup/-/datatables.net-rowgroup-1.2.0.tgz",
      "integrity": "sha512-YQWL9Z70/XqBQK5YkBk/BhnmgQ1jux0ntHGpi+PYgeHEzS5lM1/oMoJEKiqIT02mVbUQOUE3z7t6rLSA0JbdvQ==",
      "requires": {
        "datatables.net": ">=1.11.3",
        "jquery": ">=1.7"
      }
    },
    "delegate": {
      "version": "3.2.0",
      "resolved": "https://registry.npmjs.org/delegate/-/delegate-3.2.0.tgz",
      "integrity": "sha512-IofjkYBZaZivn0V8nnsMJGBr4jVLxHDheKSW88PyxS5QC4Vo9ZbZVvhzlSxY87fVq3STR6r+4cGepyHkcWOQSw=="
    },
    "diff": {
      "version": "5.1.0",
      "resolved": "https://registry.npmjs.org/diff/-/diff-5.1.0.tgz",
      "integrity": "sha512-D+mk+qE8VC/PAUrlAU34N+VfXev0ghe5ywmpqrawphmVZc1bEfn56uo9qpyGp1p4xpzOHkSW4ztBd6L7Xx4ACw=="
    },
    "good-listener": {
      "version": "1.2.2",
      "resolved": "https://registry.npmjs.org/good-listener/-/good-listener-1.2.2.tgz",
      "integrity": "sha512-goW1b+d9q/HIwbVYZzZ6SsTr4IgE+WA44A0GmPIQstuOrgsFcT7VEJ48nmr9GaRtNu0XTKacFLGnBPAM6Afouw==",
      "requires": {
        "delegate": "^3.1.2"
      }
    },
    "jquery": {
      "version": "3.6.0",
      "resolved": "https://registry.npmjs.org/jquery/-/jquery-3.6.0.tgz",
      "integrity": "sha512-JVzAR/AjBvVt2BmYhxRCSYysDsPcssdmTFnzyLEts9qNwmjmu4JTAMYubEfwVOSwpQ1I1sKKFcxhZCI2buerfw=="
    },
    "jquery-ui": {
      "version": "https://registry.npmjs.org/jquery-ui/-/jquery-ui-1.12.0.tgz",
      "integrity": "sha512-9sIbqX9tX983WaJhc+8ZfCW/de+o684bKx9N75WvoFxMfGTmuZuUtFAPNxbcYVTO/MGXY+iRA+zvtR5EF1bgDA=="
    },
    "jquery-ui-timepicker-addon": {
      "version": "1.6.3",
      "resolved": "https://registry.npmjs.org/jquery-ui-timepicker-addon/-/jquery-ui-timepicker-addon-1.6.3.tgz",
      "integrity": "sha512-JvZTp1vGN1Ws9tr39VPRBC1/cOVdY/pa6a2mMcAXpEgjrsXc02xBXQthDtQsBXEqR0FbZV+GdXi/c+LDpuyk/A=="
    },
    "jstree": {
      "version": "3.3.12",
      "resolved": "https://registry.npmjs.org/jstree/-/jstree-3.3.12.tgz",
      "integrity": "sha512-vHNLWkUr02ZYH7RcIckvhtLUtneWCVEtIKpIp2G9WtRh01ITv18EoNtNQcFG3ozM+oK6wp1Z300gSLXNQWCqGA==",
      "requires": {
        "jquery": ">=1.9.1"
      }
    },
    "select": {
      "version": "1.1.2",
      "resolved": "https://registry.npmjs.org/select/-/select-1.1.2.tgz",
      "integrity": "sha512-OwpTSOfy6xSs1+pwcNrv0RBMOzI39Lp3qQKUTPVVPRjCdNa5JH/oPRiqsesIskK8TVgmRiHwO4KXlV2Li9dANA=="
    },
    "showdown": {
      "version": "2.1.0",
      "resolved": "https://registry.npmjs.org/showdown/-/showdown-2.1.0.tgz",
      "integrity": "sha512-/6NVYu4U819R2pUIk79n67SYgJHWCce0a5xTP979WbNp0FL9MN1I1QK662IDU1b6JzKTvmhgI7T7JYIxBi3kMQ==",
      "requires": {
        "commander": "^9.0.0"
      },
      "dependencies": {
        "commander": {
          "version": "9.4.1",
          "resolved": "https://registry.npmjs.org/commander/-/commander-9.4.1.tgz",
          "integrity": "sha512-5EEkTNyHNGFPD2H+c/dXXfQZYa/scCKasxWcXJaWnNJ99pnQN9Vnmqow+p+PlFPE63Q6mThaZws1T+HxfpgtPw=="
        }
      }
    },
    "showdown-xss-filter": {
      "version": "0.2.0",
      "resolved": "https://registry.npmjs.org/showdown-xss-filter/-/showdown-xss-filter-0.2.0.tgz",
      "integrity": "sha512-V9YemMkVoMHf+vCt7XZFL7UPSYghiWJeuWx0tCAv7b5aDJ8q0tN6RnIRTYSVSqn6eF/E6/VZOMzLmi/Cw/SKWw==",
      "requires": {
        "xss": "0.2.x"
      },
      "dependencies": {
        "cssfilter": {
          "version": "0.0.8",
          "resolved": "https://registry.npmjs.org/cssfilter/-/cssfilter-0.0.8.tgz",
          "integrity": "sha512-i7YoGVXSFDSwdfo0ZaYu8dUvXjFnnn60qGW3rOQR+8kUDjeGsArm5F5iKkj5ahHpz5fgJQ3H3ty8IhsbVE13WA=="
        },
        "xss": {
          "version": "0.2.18",
          "resolved": "https://registry.npmjs.org/xss/-/xss-0.2.18.tgz",
          "integrity": "sha512-NXxg7yzwwGO7fEsbVHggphWgM9zfFVNXvz9txMB1/a+QAukje64AJ4VNfmOG0QazTxIvo/RbgD0kZoadaGp8Qw==",
          "requires": {
            "commander": "^2.9.0",
            "cssfilter": "^0.0.8"
          }
        }
      }
    },
    "tiny-emitter": {
      "version": "2.1.0",
      "resolved": "https://registry.npmjs.org/tiny-emitter/-/tiny-emitter-2.1.0.tgz",
      "integrity": "sha512-NB6Dk1A9xgQPMoGqC5CVXn123gWyte215ONT5Pp5a0yt4nlEoO1ZWeCwpncaekPHXO60i47ihFnZPiRPjRMq4Q=="
    },
    "xss": {
      "version": "1.0.14",
      "resolved": "https://registry.npmjs.org/xss/-/xss-1.0.14.tgz",
      "integrity": "sha512-og7TEJhXvn1a7kzZGQ7ETjdQVS2UfZyTlsEdDOqvQF7GoxNfY+0YLCzBy1kPdsDDx4QuNAonQPddpsn6Xl/7sw==",
      "requires": {
        "commander": "^2.20.3",
        "cssfilter": "0.0.10"
      }
    }
  }
}
