{
  "name": "api",
  "lockfileVersion": 3,
  "requires": true,
  "packages": {
    "": {
      "dependencies": {
        "@redocly/cli": "^2.46.1"
      }
    },
    "node_modules/@redocly/cli": {
      "version": "2.46.2",
      "resolved": "https://registry.npmjs.org/@redocly/cli/-/cli-2.46.2.tgz",
      "integrity": "sha512-HkKT9X5Fbl6YZi8ChsDKIWBve93hVDdqGEGWf99x1B/lJgk59EHqWZQJV+oE/T27iVU9wBuOBkBUludWrH57Fg==",
      "license": "MIT",
      "bin": {
        "openapi": "bin/cli.js",
        "redocly": "bin/cli.js"
      },
      "engines": {
        "node": ">=22.12.0 || >=20.19.0 <21.0.0",
        "npm": ">=10"
      }
    }
  }
}
